// !$*UTF8*$!
{
	archiveVersion = 1;
	classes = {
	};
	objectVersion = 46;
	objects = {

/* Begin PBXBuildFile section */
		50298DEB1ADE1EBC0016C9AB /* AppDelegate.swift in Sources */ = {isa = PBXBuildFile; fileRef = 50298DEA1ADE1EBC0016C9AB /* AppDelegate.swift */; };
		50298DED1ADE1EBC0016C9AB /* FirstViewController.swift in Sources */ = {isa = PBXBuildFile; fileRef = 50298DEC1ADE1EBC0016C9AB /* FirstViewController.swift */; };
		50298DEF1ADE1EBC0016C9AB /* CameraViewController.swift in Sources */ = {isa = PBXBuildFile; fileRef = 50298DEE1ADE1EBC0016C9AB /* CameraViewController.swift */; };
		50298DF21ADE1EBC0016C9AB /* Main.storyboard in Resources */ = {isa = PBXBuildFile; fileRef = 50298DF01ADE1EBC0016C9AB /* Main.storyboard */; };
		50298DF41ADE1EBC0016C9AB /* Images.xcassets in Resources */ = {isa = PBXBuildFile; fileRef = 50298DF31ADE1EBC0016C9AB /* Images.xcassets */; };
		50298DF71ADE1EBC0016C9AB /* LaunchScreen.xib in Resources */ = {isa = PBXBuildFile; fileRef = 50298DF51ADE1EBC0016C9AB /* LaunchScreen.xib */; };
		50298E031ADE1EBC0016C9AB /* tabbedCameraTests.swift in Sources */ = {isa = PBXBuildFile; fileRef = 50298E021ADE1EBC0016C9AB /* tabbedCameraTests.swift */; };
/* End PBXBuildFile section */

/* Begin PBXContainerItemProxy section */
		50298DFD1ADE1EBC0016C9AB /* PBXContainerItemProxy */ = {
			isa = PBXContainerItemProxy;
			containerPortal = 50298DDD1ADE1EBC0016C9AB /* Project object */;
			proxyType = 1;
			remoteGlobalIDString = 50298DE41ADE1EBC0016C9AB;
			remoteInfo = tabbedCamera;
		};
/* End PBXContainerItemProxy section */

/* Begin PBXFileReference section */
		50298DE51ADE1EBC0016C9AB /* tabbedCamera.app */ = {isa = PBXFileReference; explicitFileType = wrapper.application; includeInIndex = 0; path = tabbedCamera.app; sourceTree = BUILT_PRODUCTS_DIR; };
		50298DE91ADE1EBC0016C9AB /* Info.plist */ = {isa = PBXFileReference; lastKnownFileType = text.plist.xml; path = Info.plist; sourceTree = "<group>"; };
		50298DEA1ADE1EBC0016C9AB /* AppDelegate.swift */ = {isa = PBXFileReference; lastKnownFileType = sourcecode.swift; path = AppDelegate.swift; sourceTree = "<group>"; };
		50298DEC1ADE1EBC0016C9AB /* FirstViewController.swift */ = {isa = PBXFileReference; lastKnownFileType = sourcecode.swift; path = FirstViewController.swift; sourceTree = "<group>"; };
		50298DEE1ADE1EBC0016C9AB /* CameraViewController.swift */ = {isa = PBXFileReference; lastKnownFileType = sourcecode.swift; path = CameraViewController.swift; sourceTree = "<group>"; };
		50298DF11ADE1EBC0016C9AB /* Base */ = {isa = PBXFileReference; lastKnownFileType = file.storyboard; name = Base; path = Base.lproj/Main.storyboard; sourceTree = "<group>"; };
		50298DF31ADE1EBC0016C9AB /* Images.xcassets */ = {isa = PBXFileReference; lastKnownFileType = folder.assetcatalog; path = Images.xcassets; sourceTree = "<group>"; };
		50298DF61ADE1EBC0016C9AB /* Base */ = {isa = PBXFileReference; lastKnownFileType = file.xib; name = Base; path = Base.lproj/LaunchScreen.xib; sourceTree = "<group>"; };
		50298DFC1ADE1EBC0016C9AB /* tabbedCameraTests.xctest */ = {isa = PBXFileReference; explicitFileType = wrapper.cfbundle; includeInIndex = 0; path = tabbedCameraTests.xctest; sourceTree = BUILT_PRODUCTS_DIR; };
		50298E011ADE1EBC0016C9AB /* Info.plist */ = {isa = PBXFileReference; lastKnownFileType = text.plist.xml; path = Info.plist; sourceTree = "<group>"; };
		50298E021ADE1EBC0016C9AB /* tabbedCameraTests.swift */ = {isa = PBXFileReference; lastKnownFileType = sourcecode.swift; path = tabbedCameraTests.swift; sourceTree = "<group>"; };
/* End PBXFileReference section */

/* Begin PBXFrameworksBuildPhase section */
		50298DE21ADE1EBC0016C9AB /* Frameworks */ = {
			isa = PBXFrameworksBuildPhase;
			buildActionMask = 2147483647;
			files = (
			);
			runOnlyForDeploymentPostprocessing = 0;
		};
		50298DF91ADE1EBC0016C9AB /* Frameworks */ = {
			isa = PBXFrameworksBuildPhase;
			buildActionMask = 2147483647;
			files = (
			);
			runOnlyForDeploymentPostprocessing = 0;
		};
/* End PBXFrameworksBuildPhase section */

/* Begin PBXGroup section */
		50298DDC1ADE1EBC0016C9AB = {
			isa = PBXGroup;
			children = (
				50298DE71ADE1EBC0016C9AB /* tabbedCamera */,
				50298DFF1ADE1EBC0016C9AB /* tabbedCameraTests */,
				50298DE61ADE1EBC0016C9AB /* Products */,
			);
			sourceTree = "<group>";
		};
		50298DE61ADE1EBC0016C9AB /* Products */ = {
			isa = PBXGroup;
			children = (
				50298DE51ADE1EBC0016C9AB /* tabbedCamera.app */,
				50298DFC1ADE1EBC0016C9AB /* tabbedCameraTests.xctest */,
			);
			name = Products;
			sourceTree = "<group>";
		};
		50298DE71ADE1EBC0016C9AB /* tabbedCamera */ = {
			isa = PBXGroup;
			children = (
				50298DEA1ADE1EBC0016C9AB /* AppDelegate.swift */,
				50298DEC1ADE1EBC0016C9AB /* FirstViewController.swift */,
				50298DEE1ADE1EBC0016C9AB /* CameraViewController.swift */,
				50298DF01ADE1EBC0016C9AB /* Main.storyboard */,
				50298DF31ADE1EBC0016C9AB /* Images.xcassets */,
				50298DF51ADE1EBC0016C9AB /* LaunchScreen.xib */,
				50298DE81ADE1EBC0016C9AB /* Supporting Files */,
			);
			path = tabbedCamera;
			sourceTree = "<group>";
		};
		50298DE81ADE1EBC0016C9AB /* Supporting Files */ = {
			isa = PBXGroup;
			children = (
				50298DE91ADE1EBC0016C9AB /* Info.plist */,
			);
			name = "Supporting Files";
			sourceTree = "<group>";
		};
		50298DFF1ADE1EBC0016C9AB /* tabbedCameraTests */ = {
			isa = PBXGroup;
			children = (
				50298E021ADE1EBC0016C9AB /* tabbedCameraTests.swift */,
				50298E001ADE1EBC0016C9AB /* Supporting Files */,
			);
			path = tabbedCameraTests;
			sourceTree = "<group>";
		};
		50298E001ADE1EBC0016C9AB /* Supporting Files */ = {
			isa = PBXGroup;
			children = (
				50298E011ADE1EBC0016C9AB /* Info.plist */,
			);
			name = "Supporting Files";
			sourceTree = "<group>";
		};
/* End PBXGroup section */

/* Begin PBXNativeTarget section */
		50298DE41ADE1EBC0016C9AB /* tabbedCamera */ = {
			isa = PBXNativeTarget;
			buildConfigurationList = 50298E061ADE1EBC0016C9AB /* Build configuration list for PBXNativeTarget "tabbedCamera" */;
			buildPhases = (
				50298DE11ADE1EBC0016C9AB /* Sources */,
				50298DE21ADE1EBC0016C9AB /* Frameworks */,
				50298DE31ADE1EBC0016C9AB /* Resources */,
			);
			buildRules = (
			);
			dependencies = (
			);
			name = tabbedCamera;
			productName = tabbedCamera;
			productReference = 50298DE51ADE1EBC0016C9AB /* tabbedCamera.app */;
			productType = "com.apple.product-type.application";
		};
		50298DFB1ADE1EBC0016C9AB /* tabbedCameraTests */ = {
			isa = PBXNativeTarget;
			buildConfigurationList = 50298E091ADE1EBC0016C9AB /* Build configuration list for PBXNativeTarget "tabbedCameraTests" */;
			buildPhases = (
				50298DF81ADE1EBC0016C9AB /* Sources */,
				50298DF91ADE1EBC0016C9AB /* Frameworks */,
				50298DFA1ADE1EBC0016C9AB /* Resources */,
			);
			buildRules = (
			);
			dependencies = (
				50298DFE1ADE1EBC0016C9AB /* PBXTargetDependency */,
			);
			name = tabbedCameraTests;
			productName = tabbedCameraTests;
			productReference = 50298DFC1ADE1EBC0016C9AB /* tabbedCameraTests.xctest */;
			productType = "com.apple.product-type.bundle.unit-test";
		};
/* End PBXNativeTarget section */

/* Begin PBXProject section */
		50298DDD1ADE1EBC0016C9AB /* Project object */ = {
			isa = PBXProject;
			attributes = {
				LastUpgradeCheck = 0630;
				ORGANIZATIONNAME = inDabusiness;
				TargetAttributes = {
					50298DE41ADE1EBC0016C9AB = {
						CreatedOnToolsVersion = 6.3;
					};
					50298DFB1ADE1EBC0016C9AB = {
						CreatedOnToolsVersion = 6.3;
						TestTargetID = 50298DE41ADE1EBC0016C9AB;
					};
				};
			};
			buildConfigurationList = 50298DE01ADE1EBC0016C9AB /* Build configuration list for PBXProject "tabbedCamera" */;
			compatibilityVersion = "Xcode 3.2";
			developmentRegion = English;
			hasScannedForEncodings = 0;
			knownRegions = (
				en,
				Base,
			);
			mainGroup = 50298DDC1ADE1EBC0016C9AB;
			productRefGroup = 50298DE61ADE1EBC0016C9AB /* Products */;
			projectDirPath = "";
			projectRoot = "";
			targets = (
				50298DE41ADE1EBC0016C9AB /* tabbedCamera */,
				50298DFB1ADE1EBC0016C9AB /* tabbedCameraTests */,
			);
		};
/* End PBXProject section */

/* Begin PBXResourcesBuildPhase section */
		50298DE31ADE1EBC0016C9AB /* Resources */ = {
			isa = PBXResourcesBuildPhase;
			buildActionMask = 2147483647;
			files = (
				50298DF21ADE1EBC0016C9AB /* Main.storyboard in Resources */,
				50298DF71ADE1EBC0016C9AB /* LaunchScreen.xib in Resources */,
				50298DF41ADE1EBC0016C9AB /* Images.xcassets in Resources */,
			);
			runOnlyForDeploymentPostprocessing = 0;
		};
		50298DFA1ADE1EBC0016C9AB /* Resources */ = {
			isa = PBXResourcesBuildPhase;
			buildActionMask = 2147483647;
			files = (
			);
			runOnlyForDeploymentPostprocessing = 0;
		};
/* End PBXResourcesBuildPhase section */

/* Begin PBXSourcesBuildPhase section */
		50298DE11ADE1EBC0016C9AB /* Sources */ = {
			isa = PBXSourcesBuildPhase;
			buildActionMask = 2147483647;
			files = (
				50298DEF1ADE1EBC0016C9AB /* CameraViewController.swift in Sources */,
				50298DEB1ADE1EBC0016C9AB /* AppDelegate.swift in Sources */,
				50298DED1ADE1EBC0016C9AB /* FirstViewController.swift in Sources */,
			);
			runOnlyForDeploymentPostprocessing = 0;
		};
		50298DF81ADE1EBC0016C9AB /* Sources */ = {
			isa = PBXSourcesBuildPhase;
			buildActionMask = 2147483647;
			files = (
				50298E031ADE1EBC0016C9AB /* tabbedCameraTests.swift in Sources */,
			);
			runOnlyForDeploymentPostprocessing = 0;
		};
/* End PBXSourcesBuildPhase section */

/* Begin PBXTargetDependency section */
		50298DFE1ADE1EBC0016C9AB /* PBXTargetDependency */ = {
			isa = PBXTargetDependency;
			target = 50298DE41ADE1EBC0016C9AB /* tabbedCamera */;
			targetProxy = 50298DFD1ADE1EBC0016C9AB /* PBXContainerItemProxy */;
		};
/* End PBXTargetDependency section */

/* Begin PBXVariantGroup section */
		50298DF01ADE1EBC0016C9AB /* Main.storyboard */ = {
			isa = PBXVariantGroup;
			children = (
				50298DF11ADE1EBC0016C9AB /* Base */,
			);
			name = Main.storyboard;
			sourceTree = "<group>";
		};
		50298DF51ADE1EBC0016C9AB /* LaunchScreen.xib */ = {
			isa = PBXVariantGroup;
			children = (
				50298DF61ADE1EBC0016C9AB /* Base */,
			);
			name = LaunchScreen.xib;
			sourceTree = "<group>";
		};
/* End PBXVariantGroup section */

/* Begin XCBuildConfiguration section */
		50298E041ADE1EBC0016C9AB /* Debug */ = {
			isa = XCBuildConfiguration;
			buildSettings = {
				ALWAYS_SEARCH_USER_PATHS = NO;
				CLANG_CXX_LANGUAGE_STANDARD = "gnu++0x";
				CLANG_CXX_LIBRARY = "libc++";
				CLANG_ENABLE_MODULES = YES;
				CLANG_ENABLE_OBJC_ARC = YES;
				CLANG_WARN_BOOL_CONVERSION = YES;
				CLANG_WARN_CONSTANT_CONVERSION = YES;
				CLANG_WARN_DIRECT_OBJC_ISA_USAGE = YES_ERROR;
				CLANG_WARN_EMPTY_BODY = YES;
				CLANG_WARN_ENUM_CONVERSION = YES;
				CLANG_WARN_INT_CONVERSION = YES;
				CLANG_WARN_OBJC_ROOT_CLASS = YES_ERROR;
				CLANG_WARN_UNREACHABLE_CODE = YES;
				CLANG_WARN__DUPLICATE_METHOD_MATCH = YES;
				"CODE_SIGN_IDENTITY[sdk=iphoneos*]" = "iPhone Developer";
				COPY_PHASE_STRIP = NO;
				DEBUG_INFORMATION_FORMAT = "dwarf-with-dsym";
				ENABLE_STRICT_OBJC_MSGSEND = YES;
				GCC_C_LANGUAGE_STANDARD = gnu99;
				GCC_DYNAMIC_NO_PIC = NO;
				GCC_NO_COMMON_BLOCKS = YES;
				GCC_OPTIMIZATION_LEVEL = 0;
				GCC_PREPROCESSOR_DEFINITIONS = (
					"DEBUG=1",
					"$(inherited)",
				);
				GCC_SYMBOLS_PRIVATE_EXTERN = NO;
				GCC_WARN_64_TO_32_BIT_CONVERSION = YES;
				GCC_WARN_ABOUT_RETURN_TYPE = YES_ERROR;
				GCC_WARN_UNDECLARED_SELECTOR = YES;
				GCC_WARN_UNINITIALIZED_AUTOS = YES_AGGRESSIVE;
				GCC_WARN_UNUSED_FUNCTION = YES;
				GCC_WARN_UNUSED_VARIABLE = YES;
				IPHONEOS_DEPLOYMENT_TARGET = 8.3;
				MTL_ENABLE_DEBUG_INFO = YES;
				ONLY_ACTIVE_ARCH = YES;
				SDKROOT = iphoneos;
				SWIFT_OPTIMIZATION_LEVEL = "-Onone";
				TARGETED_DEVICE_FAMILY = "1,2";
			};
			name = Debug;
		};
		50298E051ADE1EBC0016C9AB /* Release */ = {
			isa = XCBuildConfiguration;
			buildSettings = {
				ALWAYS_SEARCH_USER_PATHS = NO;
				CLANG_CXX_LANGUAGE_STANDARD = "gnu++0x";
				CLANG_CXX_LIBRARY = "libc++";
				CLANG_ENABLE_MODULES = YES;
				CLANG_ENABLE_OBJC_ARC = YES;
				CLANG_WARN_BOOL_CONVERSION = YES;
				CLANG_WARN_CONSTANT_CONVERSION = YES;
				CLANG_WARN_DIRECT_OBJC_ISA_USAGE = YES_ERROR;
				CLANG_WARN_EMPTY_BODY = YES;
				CLANG_WARN_ENUM_CONVERSION = YES;
				CLANG_WARN_INT_CONVERSION = YES;
				CLANG_WARN_OBJC_ROOT_CLASS = YES_ERROR;
				CLANG_WARN_UNREACHABLE_CODE = YES;
				CLANG_WARN__DUPLICATE_METHOD_MATCH = YES;
				"CODE_SIGN_IDENTITY[sdk=iphoneos*]" = "iPhone Developer";
				COPY_PHASE_STRIP = NO;
				DEBUG_INFORMATION_FORMAT = "dwarf-with-dsym";
				ENABLE_NS_ASSERTIONS = NO;
				ENABLE_STRICT_OBJC_MSGSEND = YES;
				GCC_C_LANGUAGE_STANDARD = gnu99;
				GCC_NO_COMMON_BLOCKS = YES;
				GCC_WARN_64_TO_32_BIT_CONVERSION = YES;
				GCC_WARN_ABOUT_RETURN_TYPE = YES_ERROR;
				GCC_WARN_UNDECLARED_SELECTOR = YES;
				GCC_WARN_UNINITIALIZED_AUTOS = YES_AGGRESSIVE;
				GCC_WARN_UNUSED_FUNCTION = YES;
				GCC_WARN_UNUSED_VARIABLE = YES;
				IPHONEOS_DEPLOYMENT_TARGET = 8.3;
				MTL_ENABLE_DEBUG_INFO = NO;
				SDKROOT = iphoneos;
				TARGETED_DEVICE_FAMILY = "1,2";
				VALIDATE_PRODUCT = YES;
			};
			name = Release;
		};
		50298E071ADE1EBC0016C9AB /* Debug */ = {
			isa = XCBuildConfiguration;
			buildSettings = {
				ASSETCATALOG_COMPILER_APPICON_NAME = AppIcon;
				INFOPLIST_FILE = tabbedCamera/Info.plist;
				IPHONEOS_DEPLOYMENT_TARGET = 8.0;
				LD_RUNPATH_SEARCH_PATHS = "$(inherited) @executable_path/Frameworks";
				PRODUCT_NAME = "$(TARGET_NAME)";
			};
			name = Debug;
		};
		50298E081ADE1EBC0016C9AB /* Release */ = {
			isa = XCBuildConfiguration;
			buildSettings = {
				ASSETCATALOG_COMPILER_APPICON_NAME = AppIcon;
				INFOPLIST_FILE = tabbedCamera/Info.plist;
				IPHONEOS_DEPLOYMENT_TARGET = 8.0;
				LD_RUNPATH_SEARCH_PATHS = "$(inherited) @executable_path/Frameworks";
				PRODUCT_NAME = "$(TARGET_NAME)";
			};
			name = Release;
		};
		50298E0A1ADE1EBC0016C9AB /* Debug */ = {
			isa = XCBuildConfiguration;
			buildSettings = {
				BUNDLE_LOADER = "$(TEST_HOST)";
				FRAMEWORK_SEARCH_PATHS = (
					"$(SDKROOT)/Developer/Library/Frameworks",
					"$(inherited)",
				);
				GCC_PREPROCESSOR_DEFINITIONS = (
					"DEBUG=1",
					"$(inherited)",
				);
				INFOPLIST_FILE = tabbedCameraTests/Info.plist;
				LD_RUNPATH_SEARCH_PATHS = "$(inherited) @executable_path/Frameworks @loader_path/Frameworks";
				PRODUCT_NAME = "$(TARGET_NAME)";
				TEST_HOST = "$(BUILT_PRODUCTS_DIR)/tabbedCamera.app/tabbedCamera";
			};
			name = Debug;
		};
		50298E0B1ADE1EBC0016C9AB /* Release */ = {
			isa = XCBuildConfiguration;
			buildSettings = {
				BUNDLE_LOADER = "$(TEST_HOST)";
				FRAMEWORK_SEARCH_PATHS = (
					"$(SDKROOT)/Developer/Library/Frameworks",
					"$(inherited)",
				);
				INFOPLIST_FILE = tabbedCameraTests/Info.plist;
				LD_RUNPATH_SEARCH_PATHS = "$(inherited) @executable_path/Frameworks @loader_path/Frameworks";
				PRODUCT_NAME = "$(TARGET_NAME)";
				TEST_HOST = "$(BUILT_PRODUCTS_DIR)/tabbedCamera.app/tabbedCamera";
			};
			name = Release;
		};
/* End XCBuildConfiguration section */

/* Begin XCConfigurationList section */
		50298DE01ADE1EBC0016C9AB /* Build configuration list for PBXProject "tabbedCamera" */ = {
			isa = XCConfigurationList;
			buildConfigurations = (
				50298E041ADE1EBC0016C9AB /* Debug */,
				50298E051ADE1EBC0016C9AB /* Release */,
			);
			defaultConfigurationIsVisible = 0;
			defaultConfigurationName = Release;
		};
		50298E061ADE1EBC0016C9AB /* Build configuration list for PBXNativeTarget "tabbedCamera" */ = {
			isa = XCConfigurationList;
			buildConfigurations = (
				50298E071ADE1EBC0016C9AB /* Debug */,
				50298E081ADE1EBC0016C9AB /* Release */,
			);
			defaultConfigurationIsVisible = 0;
			defaultConfigurationName = Release;
		};
		50298E091ADE1EBC0016C9AB /* Build configuration list for PBXNativeTarget "tabbedCameraTests" */ = {
			isa = XCConfigurationList;
			buildConfigurations = (
				50298E0A1ADE1EBC0016C9AB /* Debug */,
				50298E0B1ADE1EBC0016C9AB /* Release */,
			);
			defaultConfigurationIsVisible = 0;
			defaultConfigurationName = Release;
		};
/* End XCConfigurationList section */
	};
	rootObject = 50298DDD1ADE1EBC0016C9AB /* Project object */;
}
